
Microsoft Visual Studio Solution File, Format Version 12.00
# Visual Studio 15
VisualStudioVersion = 15.0.26730.16
MinimumVisualStudioVersion = 10.0.40219.1
Project("{FAE04EC0-301F-11D3-BF4B-00C04F79EFBC}") = "Fsd.Sebastian.Cs.Ex4.Data", "Fsd.Sebastian.Cs.Ex4.Data\Fsd.Sebastian.Cs.Ex4.Data.csproj", "{9D0E9F20-4C90-4245-AEB1-BBE8B2C3A28F}"
EndProject
Project("{FAE04EC0-301F-11D3-BF4B-00C04F79EFBC}") = "Fsd.Sebastian.Cs.Ex4.Services", "Fsd.Sebastian.Cs.Ex4.Services\Fsd.Sebastian.Cs.Ex4.Services.csproj", "{D5421577-71B6-419C-A191-F9A8290FAB6F}"
EndProject
Project("{FAE04EC0-301F-11D3-BF4B-00C04F79EFBC}") = "Fsd.Sebastian.Cs.Ex4.Web", "Fsd.Sebastian.Cs.Ex4.Web\Fsd.Sebastian.Cs.Ex4.Web.csproj", "{201D1ABD-5C4C-4E92-BA30-25F5905271CB}"
EndProject
Global
	GlobalSection(SolutionConfigurationPlatforms) = preSolution
		Debug|Any CPU = Debug|Any CPU
		Release|Any CPU = Release|Any CPU
	EndGlobalSection
	GlobalSection(ProjectConfigurationPlatforms) = postSolution
		{9D0E9F20-4C90-4245-AEB1-BBE8B2C3A28F}.Debug|Any CPU.ActiveCfg = Debug|Any CPU
		{9D0E9F20-4C90-4245-AEB1-BBE8B2C3A28F}.Debug|Any CPU.Build.0 = Debug|Any CPU
		{9D0E9F20-4C90-4245-AEB1-BBE8B2C3A28F}.Release|Any CPU.ActiveCfg = Release|Any CPU
		{9D0E9F20-4C90-4245-AEB1-BBE8B2C3A28F}.Release|Any CPU.Build.0 = Release|Any CPU
		{D5421577-71B6-419C-A191-F9A8290FAB6F}.Debug|Any CPU.ActiveCfg = Debug|Any CPU
		{D5421577-71B6-419C-A191-F9A8290FAB6F}.Debug|Any CPU.Build.0 = Debug|Any CPU
		{D5421577-71B6-419C-A191-F9A8290FAB6F}.Release|Any CPU.ActiveCfg = Release|Any CPU
		{D5421577-71B6-419C-A191-F9A8290FAB6F}.Release|Any CPU.Build.0 = Release|Any CPU
		{201D1ABD-5C4C-4E92-BA30-25F5905271CB}.Debug|Any CPU.ActiveCfg = Debug|Any CPU
		{201D1ABD-5C4C-4E92-BA30-25F5905271CB}.Debug|Any CPU.Build.0 = Debug|Any CPU
		{201D1ABD-5C4C-4E92-BA30-25F5905271CB}.Release|Any CPU.ActiveCfg = Release|Any CPU
		{201D1ABD-5C4C-4E92-BA30-25F5905271CB}.Release|Any CPU.Build.0 = Release|Any CPU
	EndGlobalSection
	GlobalSection(SolutionProperties) = preSolution
		HideSolutionNode = FALSE
	EndGlobalSection
	GlobalSection(ExtensibilityGlobals) = postSolution
		SolutionGuid = {574BE3E9-E4F6-49DD-9311-11C6FFC49D7E}
	EndGlobalSection
EndGlobal
